
Microsoft Visual Studio Solution File, Format Version 12.00
# Visual Studio 2013
VisualStudioVersion = 12.0.30723.0
MinimumVisualStudioVersion = 10.0.40219.1
Project("{FAE04EC0-301F-11D3-BF4B-00C04F79EFBC}") = "Magic", "Magic\Magic.csproj", "{F4F58A58-F210-48C3-AFC3-260B7D8837F0}"
EndProject
Project("{FAE04EC0-301F-11D3-BF4B-00C04F79EFBC}") = "MagicDatabaseBuilder", "MagicDatabaseBuilder\MagicDatabaseBuilder.csproj", "{4644BF53-D299-4F80-BC82-1CEB54E32779}"
EndProject
Project("{FAE04EC0-301F-11D3-BF4B-00C04F79EFBC}") = "DataStructures", "DataStructures\DataStructures.csproj", "{E5C75D47-F217-4F85-980D-0472681EEEA4}"
EndProject
Global
	GlobalSection(SolutionConfigurationPlatforms) = preSolution
		Debug|Any CPU = Debug|Any CPU
		Release|Any CPU = Release|Any CPU
	EndGlobalSection
	GlobalSection(ProjectConfigurationPlatforms) = postSolution
		{F4F58A58-F210-48C3-AFC3-260B7D8837F0}.Debug|Any CPU.ActiveCfg = Debug|Any CPU
		{F4F58A58-F210-48C3-AFC3-260B7D8837F0}.Debug|Any CPU.Build.0 = Debug|Any CPU
		{F4F58A58-F210-48C3-AFC3-260B7D8837F0}.Release|Any CPU.ActiveCfg = Release|Any CPU
		{F4F58A58-F210-48C3-AFC3-260B7D8837F0}.Release|Any CPU.Build.0 = Release|Any CPU
		{4644BF53-D299-4F80-BC82-1CEB54E32779}.Debug|Any CPU.ActiveCfg = Debug|Any CPU
		{4644BF53-D299-4F80-BC82-1CEB54E32779}.Debug|Any CPU.Build.0 = Debug|Any CPU
		{4644BF53-D299-4F80-BC82-1CEB54E32779}.Release|Any CPU.ActiveCfg = Release|Any CPU
		{4644BF53-D299-4F80-BC82-1CEB54E32779}.Release|Any CPU.Build.0 = Release|Any CPU
		{E5C75D47-F217-4F85-980D-0472681EEEA4}.Debug|Any CPU.ActiveCfg = Debug|Any CPU
		{E5C75D47-F217-4F85-980D-0472681EEEA4}.Debug|Any CPU.Build.0 = Debug|Any CPU
		{E5C75D47-F217-4F85-980D-0472681EEEA4}.Release|Any CPU.ActiveCfg = Release|Any CPU
		{E5C75D47-F217-4F85-980D-0472681EEEA4}.Release|Any CPU.Build.0 = Release|Any CPU
	EndGlobalSection
	GlobalSection(SolutionProperties) = preSolution
		HideSolutionNode = FALSE
	EndGlobalSection
EndGlobal
